
Microsoft Visual Studio Solution File, Format Version 12.00
# Visual Studio 2013
Project("{FAE04EC0-301F-11D3-BF4B-00C04F79EFBC}") = "FPSProject.CSharp", "FPSProject.CSharp.csproj", "{C625BB56-AAE9-5E48-60E3-C729D3966041}"
EndProject
Global
	GlobalSection(SolutionConfigurationPlatforms) = preSolution
		Debug|Any CPU = Debug|Any CPU
		Release|Any CPU = Release|Any CPU
	EndGlobalSection
	GlobalSection(ProjectConfigurationPlatforms) = postSolution
		{C625BB56-AAE9-5E48-60E3-C729D3966041}.Debug|Any CPU.ActiveCfg = Debug|Any CPU
		{C625BB56-AAE9-5E48-60E3-C729D3966041}.Debug|Any CPU.Build.0 = Debug|Any CPU
		{C625BB56-AAE9-5E48-60E3-C729D3966041}.Release|Any CPU.ActiveCfg = Release|Any CPU
		{C625BB56-AAE9-5E48-60E3-C729D3966041}.Release|Any CPU.Build.0 = Release|Any CPU
	EndGlobalSection
	GlobalSection(SolutionProperties) = preSolution
		HideSolutionNode = FALSE
	EndGlobalSection
EndGlobal
